<Solution>
  <Folder Name="/samples/">
    <Project Path="samples/MinimalSmoke/MinimalSmoke.csproj" />
  </Folder>
  <Folder Name="/src/">
    <Project Path="src/McpServerFactory/McpServerFactory.csproj" />
  </Folder>
  <Folder Name="/tests/">
    <Project Path="tests/McpServerFactory.Tests/McpServerFactory.Tests.csproj" />
  </Folder>
</Solution>
